// !$*UTF8*$!
{
	archiveVersion = 1;
	classes = {
	};
	objectVersion = 46;
	objects = {

/* Begin PBXBuildFile section */
		97A1B7111A546DE500C208EB /* main.m in Sources */ = {isa = PBXBuildFile; fileRef = 97A1B7101A546DE500C208EB /* main.m */; };
		97A1B7141A546DE500C208EB /* AppDelegate.m in Sources */ = {isa = PBXBuildFile; fileRef = 97A1B7131A546DE500C208EB /* AppDelegate.m */; };
		97A1B7171A546DE500C208EB /* ViewController.m in Sources */ = {isa = PBXBuildFile; fileRef = 97A1B7161A546DE500C208EB /* ViewController.m */; };
		97A1B71A1A546DE500C208EB /* Main.storyboard in Resources */ = {isa = PBXBuildFile; fileRef = 97A1B7181A546DE500C208EB /* Main.storyboard */; };
		97A1B71C1A546DE500C208EB /* Images.xcassets in Resources */ = {isa = PBXBuildFile; fileRef = 97A1B71B1A546DE500C208EB /* Images.xcassets */; };
		97A1B71F1A546DE500C208EB /* LaunchScreen.xib in Resources */ = {isa = PBXBuildFile; fileRef = 97A1B71D1A546DE500C208EB /* LaunchScreen.xib */; };
		97A1B72B1A546DE600C208EB /* FunFactsTests.m in Sources */ = {isa = PBXBuildFile; fileRef = 97A1B72A1A546DE600C208EB /* FunFactsTests.m */; };
		97A1B7361A54884F00C208EB /* FactBook.m in Sources */ = {isa = PBXBuildFile; fileRef = 97A1B7351A54884F00C208EB /* FactBook.m */; };
		97A1B7391A549C5A00C208EB /* ColorWheel.m in Sources */ = {isa = PBXBuildFile; fileRef = 97A1B7381A549C5A00C208EB /* ColorWheel.m */; };
/* End PBXBuildFile section */

/* Begin PBXContainerItemProxy section */
		97A1B7251A546DE600C208EB /* PBXContainerItemProxy */ = {
			isa = PBXContainerItemProxy;
			containerPortal = 97A1B7031A546DE500C208EB /* Project object */;
			proxyType = 1;
			remoteGlobalIDString = 97A1B70A1A546DE500C208EB;
			remoteInfo = FunFacts;
		};
/* End PBXContainerItemProxy section */

/* Begin PBXFileReference section */
		97A1B70B1A546DE500C208EB /* FunFacts.app */ = {isa = PBXFileReference; explicitFileType = wrapper.application; includeInIndex = 0; path = FunFacts.app; sourceTree = BUILT_PRODUCTS_DIR; };
		97A1B70F1A546DE500C208EB /* Info.plist */ = {isa = PBXFileReference; lastKnownFileType = text.plist.xml; path = Info.plist; sourceTree = "<group>"; };
		97A1B7101A546DE500C208EB /* main.m */ = {isa = PBXFileReference; lastKnownFileType = sourcecode.c.objc; path = main.m; sourceTree = "<group>"; };
		97A1B7121A546DE500C208EB /* AppDelegate.h */ = {isa = PBXFileReference; lastKnownFileType = sourcecode.c.h; path = AppDelegate.h; sourceTree = "<group>"; };
		97A1B7131A546DE500C208EB /* AppDelegate.m */ = {isa = PBXFileReference; lastKnownFileType = sourcecode.c.objc; path = AppDelegate.m; sourceTree = "<group>"; };
		97A1B7151A546DE500C208EB /* ViewController.h */ = {isa = PBXFileReference; lastKnownFileType = sourcecode.c.h; path = ViewController.h; sourceTree = "<group>"; };
		97A1B7161A546DE500C208EB /* ViewController.m */ = {isa = PBXFileReference; lastKnownFileType = sourcecode.c.objc; path = ViewController.m; sourceTree = "<group>"; };
		97A1B7191A546DE500C208EB /* Base */ = {isa = PBXFileReference; lastKnownFileType = file.storyboard; name = Base; path = Base.lproj/Main.storyboard; sourceTree = "<group>"; };
		97A1B71B1A546DE500C208EB /* Images.xcassets */ = {isa = PBXFileReference; lastKnownFileType = folder.assetcatalog; path = Images.xcassets; sourceTree = "<group>"; };
		97A1B71E1A546DE500C208EB /* Base */ = {isa = PBXFileReference; lastKnownFileType = file.xib; name = Base; path = Base.lproj/LaunchScreen.xib; sourceTree = "<group>"; };
		97A1B7241A546DE600C208EB /* FunFactsTests.xctest */ = {isa = PBXFileReference; explicitFileType = wrapper.cfbundle; includeInIndex = 0; path = FunFactsTests.xctest; sourceTree = BUILT_PRODUCTS_DIR; };
		97A1B7291A546DE600C208EB /* Info.plist */ = {isa = PBXFileReference; lastKnownFileType = text.plist.xml; path = Info.plist; sourceTree = "<group>"; };
		97A1B72A1A546DE600C208EB /* FunFactsTests.m */ = {isa = PBXFileReference; lastKnownFileType = sourcecode.c.objc; path = FunFactsTests.m; sourceTree = "<group>"; };
		97A1B7341A54884F00C208EB /* FactBook.h */ = {isa = PBXFileReference; fileEncoding = 4; lastKnownFileType = sourcecode.c.h; path = FactBook.h; sourceTree = "<group>"; };
		97A1B7351A54884F00C208EB /* FactBook.m */ = {isa = PBXFileReference; fileEncoding = 4; lastKnownFileType = sourcecode.c.objc; path = FactBook.m; sourceTree = "<group>"; };
		97A1B7371A549C5A00C208EB /* ColorWheel.h */ = {isa = PBXFileReference; fileEncoding = 4; lastKnownFileType = sourcecode.c.h; path = ColorWheel.h; sourceTree = "<group>"; };
		97A1B7381A549C5A00C208EB /* ColorWheel.m */ = {isa = PBXFileReference; fileEncoding = 4; lastKnownFileType = sourcecode.c.objc; path = ColorWheel.m; sourceTree = "<group>"; };
/* End PBXFileReference section */

/* Begin PBXFrameworksBuildPhase section */
		97A1B7081A546DE500C208EB /* Frameworks */ = {
			isa = PBXFrameworksBuildPhase;
			buildActionMask = 2147483647;
			files = (
			);
			runOnlyForDeploymentPostprocessing = 0;
		};
		97A1B7211A546DE600C208EB /* Frameworks */ = {
			isa = PBXFrameworksBuildPhase;
			buildActionMask = 2147483647;
			files = (
			);
			runOnlyForDeploymentPostprocessing = 0;
		};
/* End PBXFrameworksBuildPhase section */

/* Begin PBXGroup section */
		97A1B7021A546DE500C208EB = {
			isa = PBXGroup;
			children = (
				97A1B70D1A546DE500C208EB /* FunFacts */,
				97A1B7271A546DE600C208EB /* FunFactsTests */,
				97A1B70C1A546DE500C208EB /* Products */,
			);
			sourceTree = "<group>";
		};
		97A1B70C1A546DE500C208EB /* Products */ = {
			isa = PBXGroup;
			children = (
				97A1B70B1A546DE500C208EB /* FunFacts.app */,
				97A1B7241A546DE600C208EB /* FunFactsTests.xctest */,
			);
			name = Products;
			sourceTree = "<group>";
		};
		97A1B70D1A546DE500C208EB /* FunFacts */ = {
			isa = PBXGroup;
			children = (
				97A1B7121A546DE500C208EB /* AppDelegate.h */,
				97A1B7131A546DE500C208EB /* AppDelegate.m */,
				97A1B7151A546DE500C208EB /* ViewController.h */,
				97A1B7161A546DE500C208EB /* ViewController.m */,
				97A1B7341A54884F00C208EB /* FactBook.h */,
				97A1B7351A54884F00C208EB /* FactBook.m */,
				97A1B7181A546DE500C208EB /* Main.storyboard */,
				97A1B71B1A546DE500C208EB /* Images.xcassets */,
				97A1B71D1A546DE500C208EB /* LaunchScreen.xib */,
				97A1B70E1A546DE500C208EB /* Supporting Files */,
				97A1B7371A549C5A00C208EB /* ColorWheel.h */,
				97A1B7381A549C5A00C208EB /* ColorWheel.m */,
			);
			path = FunFacts;
			sourceTree = "<group>";
		};
		97A1B70E1A546DE500C208EB /* Supporting Files */ = {
			isa = PBXGroup;
			children = (
				97A1B70F1A546DE500C208EB /* Info.plist */,
				97A1B7101A546DE500C208EB /* main.m */,
			);
			name = "Supporting Files";
			sourceTree = "<group>";
		};
		97A1B7271A546DE600C208EB /* FunFactsTests */ = {
			isa = PBXGroup;
			children = (
				97A1B72A1A546DE600C208EB /* FunFactsTests.m */,
				97A1B7281A546DE600C208EB /* Supporting Files */,
			);
			path = FunFactsTests;
			sourceTree = "<group>";
		};
		97A1B7281A546DE600C208EB /* Supporting Files */ = {
			isa = PBXGroup;
			children = (
				97A1B7291A546DE600C208EB /* Info.plist */,
			);
			name = "Supporting Files";
			sourceTree = "<group>";
		};
/* End PBXGroup section */

/* Begin PBXNativeTarget section */
		97A1B70A1A546DE500C208EB /* FunFacts */ = {
			isa = PBXNativeTarget;
			buildConfigurationList = 97A1B72E1A546DE600C208EB /* Build configuration list for PBXNativeTarget "FunFacts" */;
			buildPhases = (
				97A1B7071A546DE500C208EB /* Sources */,
				97A1B7081A546DE500C208EB /* Frameworks */,
				97A1B7091A546DE500C208EB /* Resources */,
			);
			buildRules = (
			);
			dependencies = (
			);
			name = FunFacts;
			productName = FunFacts;
			productReference = 97A1B70B1A546DE500C208EB /* FunFacts.app */;
			productType = "com.apple.product-type.application";
		};
		97A1B7231A546DE600C208EB /* FunFactsTests */ = {
			isa = PBXNativeTarget;
			buildConfigurationList = 97A1B7311A546DE600C208EB /* Build configuration list for PBXNativeTarget "FunFactsTests" */;
			buildPhases = (
				97A1B7201A546DE600C208EB /* Sources */,
				97A1B7211A546DE600C208EB /* Frameworks */,
				97A1B7221A546DE600C208EB /* Resources */,
			);
			buildRules = (
			);
			dependencies = (
				97A1B7261A546DE600C208EB /* PBXTargetDependency */,
			);
			name = FunFactsTests;
			productName = FunFactsTests;
			productReference = 97A1B7241A546DE600C208EB /* FunFactsTests.xctest */;
			productType = "com.apple.product-type.bundle.unit-test";
		};
/* End PBXNativeTarget section */

/* Begin PBXProject section */
		97A1B7031A546DE500C208EB /* Project object */ = {
			isa = PBXProject;
			attributes = {
				LastUpgradeCheck = 0610;
				ORGANIZATIONNAME = Treehouse;
				TargetAttributes = {
					97A1B70A1A546DE500C208EB = {
						CreatedOnToolsVersion = 6.1.1;
					};
					97A1B7231A546DE600C208EB = {
						CreatedOnToolsVersion = 6.1.1;
						TestTargetID = 97A1B70A1A546DE500C208EB;
					};
				};
			};
			buildConfigurationList = 97A1B7061A546DE500C208EB /* Build configuration list for PBXProject "FunFacts" */;
			compatibilityVersion = "Xcode 3.2";
			developmentRegion = English;
			hasScannedForEncodings = 0;
			knownRegions = (
				en,
				Base,
			);
			mainGroup = 97A1B7021A546DE500C208EB;
			productRefGroup = 97A1B70C1A546DE500C208EB /* Products */;
			projectDirPath = "";
			projectRoot = "";
			targets = (
				97A1B70A1A546DE500C208EB /* FunFacts */,
				97A1B7231A546DE600C208EB /* FunFactsTests */,
			);
		};
/* End PBXProject section */

/* Begin PBXResourcesBuildPhase section */
		97A1B7091A546DE500C208EB /* Resources */ = {
			isa = PBXResourcesBuildPhase;
			buildActionMask = 2147483647;
			files = (
				97A1B71A1A546DE500C208EB /* Main.storyboard in Resources */,
				97A1B71F1A546DE500C208EB /* LaunchScreen.xib in Resources */,
				97A1B71C1A546DE500C208EB /* Images.xcassets in Resources */,
			);
			runOnlyForDeploymentPostprocessing = 0;
		};
		97A1B7221A546DE600C208EB /* Resources */ = {
			isa = PBXResourcesBuildPhase;
			buildActionMask = 2147483647;
			files = (
			);
			runOnlyForDeploymentPostprocessing = 0;
		};
/* End PBXResourcesBuildPhase section */

/* Begin PBXSourcesBuildPhase section */
		97A1B7071A546DE500C208EB /* Sources */ = {
			isa = PBXSourcesBuildPhase;
			buildActionMask = 2147483647;
			files = (
				97A1B7171A546DE500C208EB /* ViewController.m in Sources */,
				97A1B7141A546DE500C208EB /* AppDelegate.m in Sources */,
				97A1B7361A54884F00C208EB /* FactBook.m in Sources */,
				97A1B7111A546DE500C208EB /* main.m in Sources */,
				97A1B7391A549C5A00C208EB /* ColorWheel.m in Sources */,
			);
			runOnlyForDeploymentPostprocessing = 0;
		};
		97A1B7201A546DE600C208EB /* Sources */ = {
			isa = PBXSourcesBuildPhase;
			buildActionMask = 2147483647;
			files = (
				97A1B72B1A546DE600C208EB /* FunFactsTests.m in Sources */,
			);
			runOnlyForDeploymentPostprocessing = 0;
		};
/* End PBXSourcesBuildPhase section */

/* Begin PBXTargetDependency section */
		97A1B7261A546DE600C208EB /* PBXTargetDependency */ = {
			isa = PBXTargetDependency;
			target = 97A1B70A1A546DE500C208EB /* FunFacts */;
			targetProxy = 97A1B7251A546DE600C208EB /* PBXContainerItemProxy */;
		};
/* End PBXTargetDependency section */

/* Begin PBXVariantGroup section */
		97A1B7181A546DE500C208EB /* Main.storyboard */ = {
			isa = PBXVariantGroup;
			children = (
				97A1B7191A546DE500C208EB /* Base */,
			);
			name = Main.storyboard;
			sourceTree = "<group>";
		};
		97A1B71D1A546DE500C208EB /* LaunchScreen.xib */ = {
			isa = PBXVariantGroup;
			children = (
				97A1B71E1A546DE500C208EB /* Base */,
			);
			name = LaunchScreen.xib;
			sourceTree = "<group>";
		};
/* End PBXVariantGroup section */

/* Begin XCBuildConfiguration section */
		97A1B72C1A546DE600C208EB /* Debug */ = {
			isa = XCBuildConfiguration;
			buildSettings = {
				ALWAYS_SEARCH_USER_PATHS = NO;
				CLANG_CXX_LANGUAGE_STANDARD = "gnu++0x";
				CLANG_CXX_LIBRARY = "libc++";
				CLANG_ENABLE_MODULES = YES;
				CLANG_ENABLE_OBJC_ARC = YES;
				CLANG_WARN_BOOL_CONVERSION = YES;
				CLANG_WARN_CONSTANT_CONVERSION = YES;
				CLANG_WARN_DIRECT_OBJC_ISA_USAGE = YES_ERROR;
				CLANG_WARN_EMPTY_BODY = YES;
				CLANG_WARN_ENUM_CONVERSION = YES;
				CLANG_WARN_INT_CONVERSION = YES;
				CLANG_WARN_OBJC_ROOT_CLASS = YES_ERROR;
				CLANG_WARN_UNREACHABLE_CODE = YES;
				CLANG_WARN__DUPLICATE_METHOD_MATCH = YES;
				"CODE_SIGN_IDENTITY[sdk=iphoneos*]" = "iPhone Developer";
				COPY_PHASE_STRIP = NO;
				ENABLE_STRICT_OBJC_MSGSEND = YES;
				GCC_C_LANGUAGE_STANDARD = gnu99;
				GCC_DYNAMIC_NO_PIC = NO;
				GCC_OPTIMIZATION_LEVEL = 0;
				GCC_PREPROCESSOR_DEFINITIONS = (
					"DEBUG=1",
					"$(inherited)",
				);
				GCC_SYMBOLS_PRIVATE_EXTERN = NO;
				GCC_WARN_64_TO_32_BIT_CONVERSION = YES;
				GCC_WARN_ABOUT_RETURN_TYPE = YES_ERROR;
				GCC_WARN_UNDECLARED_SELECTOR = YES;
				GCC_WARN_UNINITIALIZED_AUTOS = YES_AGGRESSIVE;
				GCC_WARN_UNUSED_FUNCTION = YES;
				GCC_WARN_UNUSED_VARIABLE = YES;
				IPHONEOS_DEPLOYMENT_TARGET = 8.1;
				MTL_ENABLE_DEBUG_INFO = YES;
				ONLY_ACTIVE_ARCH = YES;
				SDKROOT = iphoneos;
			};
			name = Debug;
		};
		97A1B72D1A546DE600C208EB /* Release */ = {
			isa = XCBuildConfiguration;
			buildSettings = {
				ALWAYS_SEARCH_USER_PATHS = NO;
				CLANG_CXX_LANGUAGE_STANDARD = "gnu++0x";
				CLANG_CXX_LIBRARY = "libc++";
				CLANG_ENABLE_MODULES = YES;
				CLANG_ENABLE_OBJC_ARC = YES;
				CLANG_WARN_BOOL_CONVERSION = YES;
				CLANG_WARN_CONSTANT_CONVERSION = YES;
				CLANG_WARN_DIRECT_OBJC_ISA_USAGE = YES_ERROR;
				CLANG_WARN_EMPTY_BODY = YES;
				CLANG_WARN_ENUM_CONVERSION = YES;
				CLANG_WARN_INT_CONVERSION = YES;
				CLANG_WARN_OBJC_ROOT_CLASS = YES_ERROR;
				CLANG_WARN_UNREACHABLE_CODE = YES;
				CLANG_WARN__DUPLICATE_METHOD_MATCH = YES;
				"CODE_SIGN_IDENTITY[sdk=iphoneos*]" = "iPhone Developer";
				COPY_PHASE_STRIP = YES;
				ENABLE_NS_ASSERTIONS = NO;
				ENABLE_STRICT_OBJC_MSGSEND = YES;
				GCC_C_LANGUAGE_STANDARD = gnu99;
				GCC_WARN_64_TO_32_BIT_CONVERSION = YES;
				GCC_WARN_ABOUT_RETURN_TYPE = YES_ERROR;
				GCC_WARN_UNDECLARED_SELECTOR = YES;
				GCC_WARN_UNINITIALIZED_AUTOS = YES_AGGRESSIVE;
				GCC_WARN_UNUSED_FUNCTION = YES;
				GCC_WARN_UNUSED_VARIABLE = YES;
				IPHONEOS_DEPLOYMENT_TARGET = 8.1;
				MTL_ENABLE_DEBUG_INFO = NO;
				SDKROOT = iphoneos;
				VALIDATE_PRODUCT = YES;
			};
			name = Release;
		};
		97A1B72F1A546DE600C208EB /* Debug */ = {
			isa = XCBuildConfiguration;
			buildSettings = {
				ASSETCATALOG_COMPILER_APPICON_NAME = AppIcon;
				INFOPLIST_FILE = FunFacts/Info.plist;
				LD_RUNPATH_SEARCH_PATHS = "$(inherited) @executable_path/Frameworks";
				PRODUCT_NAME = "$(TARGET_NAME)";
			};
			name = Debug;
		};
		97A1B7301A546DE600C208EB /* Release */ = {
			isa = XCBuildConfiguration;
			buildSettings = {
				ASSETCATALOG_COMPILER_APPICON_NAME = AppIcon;
				INFOPLIST_FILE = FunFacts/Info.plist;
				LD_RUNPATH_SEARCH_PATHS = "$(inherited) @executable_path/Frameworks";
				PRODUCT_NAME = "$(TARGET_NAME)";
			};
			name = Release;
		};
		97A1B7321A546DE600C208EB /* Debug */ = {
			isa = XCBuildConfiguration;
			buildSettings = {
				BUNDLE_LOADER = "$(TEST_HOST)";
				FRAMEWORK_SEARCH_PATHS = (
					"$(SDKROOT)/Developer/Library/Frameworks",
					"$(inherited)",
				);
				GCC_PREPROCESSOR_DEFINITIONS = (
					"DEBUG=1",
					"$(inherited)",
				);
				INFOPLIST_FILE = FunFactsTests/Info.plist;
				LD_RUNPATH_SEARCH_PATHS = "$(inherited) @executable_path/Frameworks @loader_path/Frameworks";
				PRODUCT_NAME = "$(TARGET_NAME)";
				TEST_HOST = "$(BUILT_PRODUCTS_DIR)/FunFacts.app/FunFacts";
			};
			name = Debug;
		};
		97A1B7331A546DE600C208EB /* Release */ = {
			isa = XCBuildConfiguration;
			buildSettings = {
				BUNDLE_LOADER = "$(TEST_HOST)";
				FRAMEWORK_SEARCH_PATHS = (
					"$(SDKROOT)/Developer/Library/Frameworks",
					"$(inherited)",
				);
				INFOPLIST_FILE = FunFactsTests/Info.plist;
				LD_RUNPATH_SEARCH_PATHS = "$(inherited) @executable_path/Frameworks @loader_path/Frameworks";
				PRODUCT_NAME = "$(TARGET_NAME)";
				TEST_HOST = "$(BUILT_PRODUCTS_DIR)/FunFacts.app/FunFacts";
			};
			name = Release;
		};
/* End XCBuildConfiguration section */

/* Begin XCConfigurationList section */
		97A1B7061A546DE500C208EB /* Build configuration list for PBXProject "FunFacts" */ = {
			isa = XCConfigurationList;
			buildConfigurations = (
				97A1B72C1A546DE600C208EB /* Debug */,
				97A1B72D1A546DE600C208EB /* Release */,
			);
			defaultConfigurationIsVisible = 0;
			defaultConfigurationName = Release;
		};
		97A1B72E1A546DE600C208EB /* Build configuration list for PBXNativeTarget "FunFacts" */ = {
			isa = XCConfigurationList;
			buildConfigurations = (
				97A1B72F1A546DE600C208EB /* Debug */,
				97A1B7301A546DE600C208EB /* Release */,
			);
			defaultConfigurationIsVisible = 0;
		};
		97A1B7311A546DE600C208EB /* Build configuration list for PBXNativeTarget "FunFactsTests" */ = {
			isa = XCConfigurationList;
			buildConfigurations = (
				97A1B7321A546DE600C208EB /* Debug */,
				97A1B7331A546DE600C208EB /* Release */,
			);
			defaultConfigurationIsVisible = 0;
		};
/* End XCConfigurationList section */
	};
	rootObject = 97A1B7031A546DE500C208EB /* Project object */;
}
